
Microsoft Visual Studio Solution File, Format Version 12.00
# Visual Studio Version 17
VisualStudioVersion = 17.1.32421.90
MinimumVisualStudioVersion = 10.0.40219.1
Project("{2150E333-8FDC-42A3-9474-1A3956D46DE8}") = "src", "src", "{4826E2F4-908C-4679-ABFD-454FAEED59AD}"
EndProject
Project("{2150E333-8FDC-42A3-9474-1A3956D46DE8}") = "test", "test", "{262379DE-78AF-42D6-A4BC-E403FDBDAD7C}"
EndProject
Project("{2150E333-8FDC-42A3-9474-1A3956D46DE8}") = "BookingGenerator", "BookingGenerator", "{032CA610-3D66-4CDF-A5F1-DE34DA5E23B9}"
EndProject
Project("{9A19103F-16F7-4668-BE54-9A1E7A4F7556}") = "BookingGenerator.Infrastructure", "src\BookingGenerator\BookingGenerator.Infrastructure\BookingGenerator.Infrastructure.csproj", "{E8D5EEA7-7BD4-4DCF-8F28-E402CE58E0EA}"
EndProject
Project("{9A19103F-16F7-4668-BE54-9A1E7A4F7556}") = "BookingGenerator.Api", "src\BookingGenerator\BookingGenerator.Api\BookingGenerator.Api.csproj", "{7A562D08-3B6E-49B0-9FCF-D3B8DD619150}"
EndProject
Project("{9A19103F-16F7-4668-BE54-9A1E7A4F7556}") = "BookingGenerator.Application", "src\BookingGenerator\BookingGenerator.Application\BookingGenerator.Application.csproj", "{D55555F3-6C98-4090-9A14-21BA2A97E8A9}"
EndProject
Project("{9A19103F-16F7-4668-BE54-9A1E7A4F7556}") = "BookingGenerator.Domain", "src\BookingGenerator\BookingGenerator.Domain\BookingGenerator.Domain.csproj", "{10EC08D6-F48C-4E97-A22C-853CE8CCA3E9}"
EndProject
Project("{9A19103F-16F7-4668-BE54-9A1E7A4F7556}") = "BookingGenerator.Tests.Component", "test\BookingGenerator\BookingGenerator.Tests.Component\BookingGenerator.Tests.Component.csproj", "{67EB16D3-4D7A-4829-B610-BAD5ADB72880}"
EndProject
Project("{2150E333-8FDC-42A3-9474-1A3956D46DE8}") = "BookingGenerator", "BookingGenerator", "{39887122-4BEF-4AE9-A301-BF0D97044606}"
EndProject
Project("{9A19103F-16F7-4668-BE54-9A1E7A4F7556}") = "BookingGenerator.Infrastructure.Tests.Unit", "test\BookingGenerator\BookingGenerator.Infrastructure.Tests.Unit\BookingGenerator.Infrastructure.Tests.Unit.csproj", "{F9958CC9-CA5F-4795-9043-60D1CA0E12DB}"
EndProject
Project("{2150E333-8FDC-42A3-9474-1A3956D46DE8}") = "Common", "Common", "{E073DEDC-1003-4D93-9CD4-BB3AB59F9C4F}"
EndProject
Project("{2150E333-8FDC-42A3-9474-1A3956D46DE8}") = "Common", "Common", "{7E65AF09-8B74-474F-8436-B0E8A3BE15C2}"
EndProject
Project("{2150E333-8FDC-42A3-9474-1A3956D46DE8}") = "WebBff", "WebBff", "{D34D142B-8075-40A7-AC63-CF32702F7E11}"
EndProject
Project("{9A19103F-16F7-4668-BE54-9A1E7A4F7556}") = "WebBff.Api", "src\WebBff\WebBff.Api\WebBff.Api.csproj", "{154D2EF8-29DA-42C1-9766-7777C986C717}"
EndProject
Project("{9A19103F-16F7-4668-BE54-9A1E7A4F7556}") = "WebBff.Application", "src\WebBff\WebBff.Application\WebBff.Application.csproj", "{6AB1AC21-7B6C-401C-88EE-2A42168B8AA3}"
EndProject
Project("{9A19103F-16F7-4668-BE54-9A1E7A4F7556}") = "WebBff.Domain", "src\WebBff\WebBff.Domain\WebBff.Domain.csproj", "{DB352BC5-78E1-474A-A0DB-1D18F816B59A}"
EndProject
Project("{9A19103F-16F7-4668-BE54-9A1E7A4F7556}") = "WebBff.Infrastructure", "src\WebBff\WebBff.Infrastructure\WebBff.Infrastructure.csproj", "{D4D6DFDD-DFD8-4E33-848F-0443532520E4}"
EndProject
Project("{2150E333-8FDC-42A3-9474-1A3956D46DE8}") = "WebBff", "WebBff", "{2E8B6128-931F-4A48-85D5-007591D5DD13}"
EndProject
Project("{9A19103F-16F7-4668-BE54-9A1E7A4F7556}") = "WebBff.Infrastructure.Tests.Unit", "test\WebBff\WebBff.Infrastructure.Tests.Unit\WebBff.Infrastructure.Tests.Unit.csproj", "{9286AECD-7231-465D-913D-432955B9DCAA}"
EndProject
Project("{9A19103F-16F7-4668-BE54-9A1E7A4F7556}") = "WebBff.Tests.Component", "test\WebBff\WebBff.Tests.Component\WebBff.Tests.Component.csproj", "{5587D31C-E881-4E99-9AE7-C4CEC4AB112C}"
EndProject
Project("{9A19103F-16F7-4668-BE54-9A1E7A4F7556}") = "Common.Messaging.Repository.Sql", "src\Common\Common.Messaging.Repository.Sql\Common.Messaging.Repository.Sql.csproj", "{6C11D8E3-67FA-44EB-873D-6EC77B19FFAB}"
EndProject
Project("{9A19103F-16F7-4668-BE54-9A1E7A4F7556}") = "Common.Messaging.Folder", "src\Common\Common.Messaging.Folder\Common.Messaging.Folder.csproj", "{353DD798-68EC-41A5-97A9-B9AC292C1787}"
EndProject
Project("{9A19103F-16F7-4668-BE54-9A1E7A4F7556}") = "Common.Messaging.Folder.Tests.Unit", "test\Common\Common.Messaging.Folder.Tests.Unit\Common.Messaging.Folder.Tests.Unit.csproj", "{8210763C-74AE-4211-9971-2403B7C80BA1}"
EndProject
Project("{9A19103F-16F7-4668-BE54-9A1E7A4F7556}") = "Common.Messaging.Repository.Sql.Tests.Unit", "test\Common\Common.Messaging.Repository.Sql.Tests.Unit\Common.Messaging.Repository.Sql.Tests.Unit.csproj", "{1429EA74-F16E-4576-9D88-81F57F599E7C}"
EndProject
Project("{9A19103F-16F7-4668-BE54-9A1E7A4F7556}") = "Contracts.Messages", "src\Common\Contracts.Messages\Contracts.Messages.csproj", "{0924CEBB-7403-436C-A4F1-50EA06003248}"
EndProject
Project("{9A19103F-16F7-4668-BE54-9A1E7A4F7556}") = "Contracts.Messages.Tests.Unit", "test\Common\Contracts.Messages.Tests.Unit\Contracts.Messages.Tests.Unit.csproj", "{E85D6589-75CC-4144-A781-A0D504B89253}"
EndProject
Project("{2150E333-8FDC-42A3-9474-1A3956D46DE8}") = "CarBooking", "CarBooking", "{F7593B88-10EB-49D1-8401-A32CCC3E48A8}"
EndProject
Project("{2150E333-8FDC-42A3-9474-1A3956D46DE8}") = "CarBooking", "CarBooking", "{DE919D26-54F0-403F-99DD-A87C52A7636E}"
EndProject
Project("{2150E333-8FDC-42A3-9474-1A3956D46DE8}") = "Api", "Api", "{DACAE275-49AE-4054-B71B-58589D84F094}"
EndProject
Project("{2150E333-8FDC-42A3-9474-1A3956D46DE8}") = "Api", "Api", "{08FAF183-D182-41C2-A51D-7468D7A22A51}"
EndProject
Project("{9A19103F-16F7-4668-BE54-9A1E7A4F7556}") = "CarBooking.Api.Tests.Component", "test\CarBooking\Api\CarBooking.Api.Tests.Component\CarBooking.Api.Tests.Component.csproj", "{C7353E7A-788D-4B97-A757-9727E68E031C}"
EndProject
Project("{9A19103F-16F7-4668-BE54-9A1E7A4F7556}") = "CarBooking.Api", "src\CarBooking\Api\CarBooking.Api\CarBooking.Api.csproj", "{362CD6DC-73CD-4E84-A735-5169B88614E0}"
EndProject
Project("{9A19103F-16F7-4668-BE54-9A1E7A4F7556}") = "CarBooking.Infrastructure", "src\CarBooking\Api\CarBooking.Infrastructure\CarBooking.Infrastructure.csproj", "{B7E36B2A-0CFB-4D60-962D-F54583673F14}"
EndProject
Project("{9A19103F-16F7-4668-BE54-9A1E7A4F7556}") = "CarBooking.Domain", "src\CarBooking\Api\CarBooking.Domain\CarBooking.Domain.csproj", "{F3217828-890D-4CDB-A883-044EBF024680}"
EndProject
Project("{9A19103F-16F7-4668-BE54-9A1E7A4F7556}") = "CarBooking.Application", "src\CarBooking\Api\CarBooking.Application\CarBooking.Application.csproj", "{4C34DBD9-E9DC-4CD2-9175-D898FF135209}"
EndProject
Project("{9A19103F-16F7-4668-BE54-9A1E7A4F7556}") = "CarBooking.Infrastructure.Tests.Unit", "test\CarBooking\Api\CarBooking.Infrastructure.Tests.Unit\CarBooking.Infrastructure.Tests.Unit.csproj", "{B8A715A3-09B6-451F-9141-0794D2F2A824}"
EndProject
Project("{2150E333-8FDC-42A3-9474-1A3956D46DE8}") = "Service", "Service", "{0086F7D9-6C98-4991-A62A-67EA8123F1B3}"
EndProject
Project("{FAE04EC0-301F-11D3-BF4B-00C04F79EFBC}") = "CarBooking.Service.Tests.Component", "test\CarBooking\Service\CarBooking.Service.Tests.Component\CarBooking.Service.Tests.Component.csproj", "{4CA1605E-C74C-4A06-9914-6C282AC1824B}"
EndProject
Project("{2150E333-8FDC-42A3-9474-1A3956D46DE8}") = "Service", "Service", "{C8D21CA5-2AE3-4A94-9F6A-DE92A269CA41}"
EndProject
Project("{9A19103F-16F7-4668-BE54-9A1E7A4F7556}") = "CarBooking.Service", "src\CarBooking\Service\CarBooking.Service\CarBooking.Service.csproj", "{551A93AE-51E9-4613-9A44-8F6062A3045D}"
EndProject
Project("{9A19103F-16F7-4668-BE54-9A1E7A4F7556}") = "CarBooking.Application", "src\CarBooking\Service\CarBooking.Application\CarBooking.Application.csproj", "{E3A6C639-DB37-4476-96DB-EDF097768097}"
EndProject
Project("{9A19103F-16F7-4668-BE54-9A1E7A4F7556}") = "CarBooking.Domain", "src\CarBooking\Service\CarBooking.Domain\CarBooking.Domain.csproj", "{CBD3636E-87C9-4D21-917C-FBEBDBDEE730}"
EndProject
Project("{9A19103F-16F7-4668-BE54-9A1E7A4F7556}") = "CarBooking.Infrastructure", "src\CarBooking\Service\CarBooking.Infrastructure\CarBooking.Infrastructure.csproj", "{402C71EE-93B0-4060-8304-4E3FD66D077F}"
EndProject
Global
	GlobalSection(SolutionConfigurationPlatforms) = preSolution
		Debug|Any CPU = Debug|Any CPU
		Release|Any CPU = Release|Any CPU
	EndGlobalSection
	GlobalSection(ProjectConfigurationPlatforms) = postSolution
		{E8D5EEA7-7BD4-4DCF-8F28-E402CE58E0EA}.Debug|Any CPU.ActiveCfg = Debug|Any CPU
		{E8D5EEA7-7BD4-4DCF-8F28-E402CE58E0EA}.Debug|Any CPU.Build.0 = Debug|Any CPU
		{E8D5EEA7-7BD4-4DCF-8F28-E402CE58E0EA}.Release|Any CPU.ActiveCfg = Release|Any CPU
		{E8D5EEA7-7BD4-4DCF-8F28-E402CE58E0EA}.Release|Any CPU.Build.0 = Release|Any CPU
		{7A562D08-3B6E-49B0-9FCF-D3B8DD619150}.Debug|Any CPU.ActiveCfg = Debug|Any CPU
		{7A562D08-3B6E-49B0-9FCF-D3B8DD619150}.Debug|Any CPU.Build.0 = Debug|Any CPU
		{7A562D08-3B6E-49B0-9FCF-D3B8DD619150}.Release|Any CPU.ActiveCfg = Release|Any CPU
		{7A562D08-3B6E-49B0-9FCF-D3B8DD619150}.Release|Any CPU.Build.0 = Release|Any CPU
		{D55555F3-6C98-4090-9A14-21BA2A97E8A9}.Debug|Any CPU.ActiveCfg = Debug|Any CPU
		{D55555F3-6C98-4090-9A14-21BA2A97E8A9}.Debug|Any CPU.Build.0 = Debug|Any CPU
		{D55555F3-6C98-4090-9A14-21BA2A97E8A9}.Release|Any CPU.ActiveCfg = Release|Any CPU
		{D55555F3-6C98-4090-9A14-21BA2A97E8A9}.Release|Any CPU.Build.0 = Release|Any CPU
		{10EC08D6-F48C-4E97-A22C-853CE8CCA3E9}.Debug|Any CPU.ActiveCfg = Debug|Any CPU
		{10EC08D6-F48C-4E97-A22C-853CE8CCA3E9}.Debug|Any CPU.Build.0 = Debug|Any CPU
		{10EC08D6-F48C-4E97-A22C-853CE8CCA3E9}.Release|Any CPU.ActiveCfg = Release|Any CPU
		{10EC08D6-F48C-4E97-A22C-853CE8CCA3E9}.Release|Any CPU.Build.0 = Release|Any CPU
		{67EB16D3-4D7A-4829-B610-BAD5ADB72880}.Debug|Any CPU.ActiveCfg = Debug|Any CPU
		{67EB16D3-4D7A-4829-B610-BAD5ADB72880}.Debug|Any CPU.Build.0 = Debug|Any CPU
		{67EB16D3-4D7A-4829-B610-BAD5ADB72880}.Release|Any CPU.ActiveCfg = Release|Any CPU
		{67EB16D3-4D7A-4829-B610-BAD5ADB72880}.Release|Any CPU.Build.0 = Release|Any CPU
		{F9958CC9-CA5F-4795-9043-60D1CA0E12DB}.Debug|Any CPU.ActiveCfg = Debug|Any CPU
		{F9958CC9-CA5F-4795-9043-60D1CA0E12DB}.Debug|Any CPU.Build.0 = Debug|Any CPU
		{F9958CC9-CA5F-4795-9043-60D1CA0E12DB}.Release|Any CPU.ActiveCfg = Release|Any CPU
		{F9958CC9-CA5F-4795-9043-60D1CA0E12DB}.Release|Any CPU.Build.0 = Release|Any CPU
		{154D2EF8-29DA-42C1-9766-7777C986C717}.Debug|Any CPU.ActiveCfg = Debug|Any CPU
		{154D2EF8-29DA-42C1-9766-7777C986C717}.Debug|Any CPU.Build.0 = Debug|Any CPU
		{154D2EF8-29DA-42C1-9766-7777C986C717}.Release|Any CPU.ActiveCfg = Release|Any CPU
		{154D2EF8-29DA-42C1-9766-7777C986C717}.Release|Any CPU.Build.0 = Release|Any CPU
		{6AB1AC21-7B6C-401C-88EE-2A42168B8AA3}.Debug|Any CPU.ActiveCfg = Debug|Any CPU
		{6AB1AC21-7B6C-401C-88EE-2A42168B8AA3}.Debug|Any CPU.Build.0 = Debug|Any CPU
		{6AB1AC21-7B6C-401C-88EE-2A42168B8AA3}.Release|Any CPU.ActiveCfg = Release|Any CPU
		{6AB1AC21-7B6C-401C-88EE-2A42168B8AA3}.Release|Any CPU.Build.0 = Release|Any CPU
		{DB352BC5-78E1-474A-A0DB-1D18F816B59A}.Debug|Any CPU.ActiveCfg = Debug|Any CPU
		{DB352BC5-78E1-474A-A0DB-1D18F816B59A}.Debug|Any CPU.Build.0 = Debug|Any CPU
		{DB352BC5-78E1-474A-A0DB-1D18F816B59A}.Release|Any CPU.ActiveCfg = Release|Any CPU
		{DB352BC5-78E1-474A-A0DB-1D18F816B59A}.Release|Any CPU.Build.0 = Release|Any CPU
		{D4D6DFDD-DFD8-4E33-848F-0443532520E4}.Debug|Any CPU.ActiveCfg = Debug|Any CPU
		{D4D6DFDD-DFD8-4E33-848F-0443532520E4}.Debug|Any CPU.Build.0 = Debug|Any CPU
		{D4D6DFDD-DFD8-4E33-848F-0443532520E4}.Release|Any CPU.ActiveCfg = Release|Any CPU
		{D4D6DFDD-DFD8-4E33-848F-0443532520E4}.Release|Any CPU.Build.0 = Release|Any CPU
		{9286AECD-7231-465D-913D-432955B9DCAA}.Debug|Any CPU.ActiveCfg = Debug|Any CPU
		{9286AECD-7231-465D-913D-432955B9DCAA}.Debug|Any CPU.Build.0 = Debug|Any CPU
		{9286AECD-7231-465D-913D-432955B9DCAA}.Release|Any CPU.ActiveCfg = Release|Any CPU
		{9286AECD-7231-465D-913D-432955B9DCAA}.Release|Any CPU.Build.0 = Release|Any CPU
		{5587D31C-E881-4E99-9AE7-C4CEC4AB112C}.Debug|Any CPU.ActiveCfg = Debug|Any CPU
		{5587D31C-E881-4E99-9AE7-C4CEC4AB112C}.Debug|Any CPU.Build.0 = Debug|Any CPU
		{5587D31C-E881-4E99-9AE7-C4CEC4AB112C}.Release|Any CPU.ActiveCfg = Release|Any CPU
		{5587D31C-E881-4E99-9AE7-C4CEC4AB112C}.Release|Any CPU.Build.0 = Release|Any CPU
		{6C11D8E3-67FA-44EB-873D-6EC77B19FFAB}.Debug|Any CPU.ActiveCfg = Debug|Any CPU
		{6C11D8E3-67FA-44EB-873D-6EC77B19FFAB}.Debug|Any CPU.Build.0 = Debug|Any CPU
		{6C11D8E3-67FA-44EB-873D-6EC77B19FFAB}.Release|Any CPU.ActiveCfg = Release|Any CPU
		{6C11D8E3-67FA-44EB-873D-6EC77B19FFAB}.Release|Any CPU.Build.0 = Release|Any CPU
		{353DD798-68EC-41A5-97A9-B9AC292C1787}.Debug|Any CPU.ActiveCfg = Debug|Any CPU
		{353DD798-68EC-41A5-97A9-B9AC292C1787}.Debug|Any CPU.Build.0 = Debug|Any CPU
		{353DD798-68EC-41A5-97A9-B9AC292C1787}.Release|Any CPU.ActiveCfg = Release|Any CPU
		{353DD798-68EC-41A5-97A9-B9AC292C1787}.Release|Any CPU.Build.0 = Release|Any CPU
		{8210763C-74AE-4211-9971-2403B7C80BA1}.Debug|Any CPU.ActiveCfg = Debug|Any CPU
		{8210763C-74AE-4211-9971-2403B7C80BA1}.Debug|Any CPU.Build.0 = Debug|Any CPU
		{8210763C-74AE-4211-9971-2403B7C80BA1}.Release|Any CPU.ActiveCfg = Release|Any CPU
		{8210763C-74AE-4211-9971-2403B7C80BA1}.Release|Any CPU.Build.0 = Release|Any CPU
		{1429EA74-F16E-4576-9D88-81F57F599E7C}.Debug|Any CPU.ActiveCfg = Debug|Any CPU
		{1429EA74-F16E-4576-9D88-81F57F599E7C}.Debug|Any CPU.Build.0 = Debug|Any CPU
		{1429EA74-F16E-4576-9D88-81F57F599E7C}.Release|Any CPU.ActiveCfg = Release|Any CPU
		{1429EA74-F16E-4576-9D88-81F57F599E7C}.Release|Any CPU.Build.0 = Release|Any CPU
		{0924CEBB-7403-436C-A4F1-50EA06003248}.Debug|Any CPU.ActiveCfg = Debug|Any CPU
		{0924CEBB-7403-436C-A4F1-50EA06003248}.Debug|Any CPU.Build.0 = Debug|Any CPU
		{0924CEBB-7403-436C-A4F1-50EA06003248}.Release|Any CPU.ActiveCfg = Release|Any CPU
		{0924CEBB-7403-436C-A4F1-50EA06003248}.Release|Any CPU.Build.0 = Release|Any CPU
		{E85D6589-75CC-4144-A781-A0D504B89253}.Debug|Any CPU.ActiveCfg = Debug|Any CPU
		{E85D6589-75CC-4144-A781-A0D504B89253}.Debug|Any CPU.Build.0 = Debug|Any CPU
		{E85D6589-75CC-4144-A781-A0D504B89253}.Release|Any CPU.ActiveCfg = Release|Any CPU
		{E85D6589-75CC-4144-A781-A0D504B89253}.Release|Any CPU.Build.0 = Release|Any CPU
		{C7353E7A-788D-4B97-A757-9727E68E031C}.Debug|Any CPU.ActiveCfg = Debug|Any CPU
		{C7353E7A-788D-4B97-A757-9727E68E031C}.Debug|Any CPU.Build.0 = Debug|Any CPU
		{C7353E7A-788D-4B97-A757-9727E68E031C}.Release|Any CPU.ActiveCfg = Release|Any CPU
		{C7353E7A-788D-4B97-A757-9727E68E031C}.Release|Any CPU.Build.0 = Release|Any CPU
		{362CD6DC-73CD-4E84-A735-5169B88614E0}.Debug|Any CPU.ActiveCfg = Debug|Any CPU
		{362CD6DC-73CD-4E84-A735-5169B88614E0}.Debug|Any CPU.Build.0 = Debug|Any CPU
		{362CD6DC-73CD-4E84-A735-5169B88614E0}.Release|Any CPU.ActiveCfg = Release|Any CPU
		{362CD6DC-73CD-4E84-A735-5169B88614E0}.Release|Any CPU.Build.0 = Release|Any CPU
		{B7E36B2A-0CFB-4D60-962D-F54583673F14}.Debug|Any CPU.ActiveCfg = Debug|Any CPU
		{B7E36B2A-0CFB-4D60-962D-F54583673F14}.Debug|Any CPU.Build.0 = Debug|Any CPU
		{B7E36B2A-0CFB-4D60-962D-F54583673F14}.Release|Any CPU.ActiveCfg = Release|Any CPU
		{B7E36B2A-0CFB-4D60-962D-F54583673F14}.Release|Any CPU.Build.0 = Release|Any CPU
		{F3217828-890D-4CDB-A883-044EBF024680}.Debug|Any CPU.ActiveCfg = Debug|Any CPU
		{F3217828-890D-4CDB-A883-044EBF024680}.Debug|Any CPU.Build.0 = Debug|Any CPU
		{F3217828-890D-4CDB-A883-044EBF024680}.Release|Any CPU.ActiveCfg = Release|Any CPU
		{F3217828-890D-4CDB-A883-044EBF024680}.Release|Any CPU.Build.0 = Release|Any CPU
		{4C34DBD9-E9DC-4CD2-9175-D898FF135209}.Debug|Any CPU.ActiveCfg = Debug|Any CPU
		{4C34DBD9-E9DC-4CD2-9175-D898FF135209}.Debug|Any CPU.Build.0 = Debug|Any CPU
		{4C34DBD9-E9DC-4CD2-9175-D898FF135209}.Release|Any CPU.ActiveCfg = Release|Any CPU
		{4C34DBD9-E9DC-4CD2-9175-D898FF135209}.Release|Any CPU.Build.0 = Release|Any CPU
		{B8A715A3-09B6-451F-9141-0794D2F2A824}.Debug|Any CPU.ActiveCfg = Debug|Any CPU
		{B8A715A3-09B6-451F-9141-0794D2F2A824}.Debug|Any CPU.Build.0 = Debug|Any CPU
		{B8A715A3-09B6-451F-9141-0794D2F2A824}.Release|Any CPU.ActiveCfg = Release|Any CPU
		{B8A715A3-09B6-451F-9141-0794D2F2A824}.Release|Any CPU.Build.0 = Release|Any CPU
		{4CA1605E-C74C-4A06-9914-6C282AC1824B}.Debug|Any CPU.ActiveCfg = Debug|Any CPU
		{4CA1605E-C74C-4A06-9914-6C282AC1824B}.Debug|Any CPU.Build.0 = Debug|Any CPU
		{4CA1605E-C74C-4A06-9914-6C282AC1824B}.Release|Any CPU.ActiveCfg = Release|Any CPU
		{4CA1605E-C74C-4A06-9914-6C282AC1824B}.Release|Any CPU.Build.0 = Release|Any CPU
		{551A93AE-51E9-4613-9A44-8F6062A3045D}.Debug|Any CPU.ActiveCfg = Debug|Any CPU
		{551A93AE-51E9-4613-9A44-8F6062A3045D}.Debug|Any CPU.Build.0 = Debug|Any CPU
		{551A93AE-51E9-4613-9A44-8F6062A3045D}.Release|Any CPU.ActiveCfg = Release|Any CPU
		{551A93AE-51E9-4613-9A44-8F6062A3045D}.Release|Any CPU.Build.0 = Release|Any CPU
		{E3A6C639-DB37-4476-96DB-EDF097768097}.Debug|Any CPU.ActiveCfg = Debug|Any CPU
		{E3A6C639-DB37-4476-96DB-EDF097768097}.Debug|Any CPU.Build.0 = Debug|Any CPU
		{E3A6C639-DB37-4476-96DB-EDF097768097}.Release|Any CPU.ActiveCfg = Release|Any CPU
		{E3A6C639-DB37-4476-96DB-EDF097768097}.Release|Any CPU.Build.0 = Release|Any CPU
		{CBD3636E-87C9-4D21-917C-FBEBDBDEE730}.Debug|Any CPU.ActiveCfg = Debug|Any CPU
		{CBD3636E-87C9-4D21-917C-FBEBDBDEE730}.Debug|Any CPU.Build.0 = Debug|Any CPU
		{CBD3636E-87C9-4D21-917C-FBEBDBDEE730}.Release|Any CPU.ActiveCfg = Release|Any CPU
		{CBD3636E-87C9-4D21-917C-FBEBDBDEE730}.Release|Any CPU.Build.0 = Release|Any CPU
		{402C71EE-93B0-4060-8304-4E3FD66D077F}.Debug|Any CPU.ActiveCfg = Debug|Any CPU
		{402C71EE-93B0-4060-8304-4E3FD66D077F}.Debug|Any CPU.Build.0 = Debug|Any CPU
		{402C71EE-93B0-4060-8304-4E3FD66D077F}.Release|Any CPU.ActiveCfg = Release|Any CPU
		{402C71EE-93B0-4060-8304-4E3FD66D077F}.Release|Any CPU.Build.0 = Release|Any CPU
	EndGlobalSection
	GlobalSection(SolutionProperties) = preSolution
		HideSolutionNode = FALSE
	EndGlobalSection
	GlobalSection(NestedProjects) = preSolution
		{032CA610-3D66-4CDF-A5F1-DE34DA5E23B9} = {4826E2F4-908C-4679-ABFD-454FAEED59AD}
		{E8D5EEA7-7BD4-4DCF-8F28-E402CE58E0EA} = {032CA610-3D66-4CDF-A5F1-DE34DA5E23B9}
		{7A562D08-3B6E-49B0-9FCF-D3B8DD619150} = {032CA610-3D66-4CDF-A5F1-DE34DA5E23B9}
		{D55555F3-6C98-4090-9A14-21BA2A97E8A9} = {032CA610-3D66-4CDF-A5F1-DE34DA5E23B9}
		{10EC08D6-F48C-4E97-A22C-853CE8CCA3E9} = {032CA610-3D66-4CDF-A5F1-DE34DA5E23B9}
		{67EB16D3-4D7A-4829-B610-BAD5ADB72880} = {39887122-4BEF-4AE9-A301-BF0D97044606}
		{39887122-4BEF-4AE9-A301-BF0D97044606} = {262379DE-78AF-42D6-A4BC-E403FDBDAD7C}
		{F9958CC9-CA5F-4795-9043-60D1CA0E12DB} = {39887122-4BEF-4AE9-A301-BF0D97044606}
		{E073DEDC-1003-4D93-9CD4-BB3AB59F9C4F} = {4826E2F4-908C-4679-ABFD-454FAEED59AD}
		{7E65AF09-8B74-474F-8436-B0E8A3BE15C2} = {262379DE-78AF-42D6-A4BC-E403FDBDAD7C}
		{D34D142B-8075-40A7-AC63-CF32702F7E11} = {4826E2F4-908C-4679-ABFD-454FAEED59AD}
		{154D2EF8-29DA-42C1-9766-7777C986C717} = {D34D142B-8075-40A7-AC63-CF32702F7E11}
		{6AB1AC21-7B6C-401C-88EE-2A42168B8AA3} = {D34D142B-8075-40A7-AC63-CF32702F7E11}
		{DB352BC5-78E1-474A-A0DB-1D18F816B59A} = {D34D142B-8075-40A7-AC63-CF32702F7E11}
		{D4D6DFDD-DFD8-4E33-848F-0443532520E4} = {D34D142B-8075-40A7-AC63-CF32702F7E11}
		{2E8B6128-931F-4A48-85D5-007591D5DD13} = {262379DE-78AF-42D6-A4BC-E403FDBDAD7C}
		{9286AECD-7231-465D-913D-432955B9DCAA} = {2E8B6128-931F-4A48-85D5-007591D5DD13}
		{5587D31C-E881-4E99-9AE7-C4CEC4AB112C} = {2E8B6128-931F-4A48-85D5-007591D5DD13}
		{6C11D8E3-67FA-44EB-873D-6EC77B19FFAB} = {E073DEDC-1003-4D93-9CD4-BB3AB59F9C4F}
		{353DD798-68EC-41A5-97A9-B9AC292C1787} = {E073DEDC-1003-4D93-9CD4-BB3AB59F9C4F}
		{8210763C-74AE-4211-9971-2403B7C80BA1} = {7E65AF09-8B74-474F-8436-B0E8A3BE15C2}
		{1429EA74-F16E-4576-9D88-81F57F599E7C} = {7E65AF09-8B74-474F-8436-B0E8A3BE15C2}
		{0924CEBB-7403-436C-A4F1-50EA06003248} = {E073DEDC-1003-4D93-9CD4-BB3AB59F9C4F}
		{E85D6589-75CC-4144-A781-A0D504B89253} = {7E65AF09-8B74-474F-8436-B0E8A3BE15C2}
		{F7593B88-10EB-49D1-8401-A32CCC3E48A8} = {4826E2F4-908C-4679-ABFD-454FAEED59AD}
		{DE919D26-54F0-403F-99DD-A87C52A7636E} = {262379DE-78AF-42D6-A4BC-E403FDBDAD7C}
		{DACAE275-49AE-4054-B71B-58589D84F094} = {F7593B88-10EB-49D1-8401-A32CCC3E48A8}
		{08FAF183-D182-41C2-A51D-7468D7A22A51} = {DE919D26-54F0-403F-99DD-A87C52A7636E}
		{C7353E7A-788D-4B97-A757-9727E68E031C} = {08FAF183-D182-41C2-A51D-7468D7A22A51}
		{362CD6DC-73CD-4E84-A735-5169B88614E0} = {DACAE275-49AE-4054-B71B-58589D84F094}
		{B7E36B2A-0CFB-4D60-962D-F54583673F14} = {DACAE275-49AE-4054-B71B-58589D84F094}
		{F3217828-890D-4CDB-A883-044EBF024680} = {DACAE275-49AE-4054-B71B-58589D84F094}
		{4C34DBD9-E9DC-4CD2-9175-D898FF135209} = {DACAE275-49AE-4054-B71B-58589D84F094}
		{B8A715A3-09B6-451F-9141-0794D2F2A824} = {08FAF183-D182-41C2-A51D-7468D7A22A51}
		{0086F7D9-6C98-4991-A62A-67EA8123F1B3} = {DE919D26-54F0-403F-99DD-A87C52A7636E}
		{4CA1605E-C74C-4A06-9914-6C282AC1824B} = {0086F7D9-6C98-4991-A62A-67EA8123F1B3}
		{C8D21CA5-2AE3-4A94-9F6A-DE92A269CA41} = {F7593B88-10EB-49D1-8401-A32CCC3E48A8}
		{551A93AE-51E9-4613-9A44-8F6062A3045D} = {C8D21CA5-2AE3-4A94-9F6A-DE92A269CA41}
		{E3A6C639-DB37-4476-96DB-EDF097768097} = {C8D21CA5-2AE3-4A94-9F6A-DE92A269CA41}
		{CBD3636E-87C9-4D21-917C-FBEBDBDEE730} = {C8D21CA5-2AE3-4A94-9F6A-DE92A269CA41}
		{402C71EE-93B0-4060-8304-4E3FD66D077F} = {C8D21CA5-2AE3-4A94-9F6A-DE92A269CA41}
	EndGlobalSection
	GlobalSection(ExtensibilityGlobals) = postSolution
		SolutionGuid = {BAFDDF8B-B605-4E4D-9446-063708A3DD4C}
	EndGlobalSection
EndGlobal
